PODS:
  - Flutter (1.0.0)
  - geolocator (5.0.1):
    - Flutter
  - google_api_availability (2.0.1):
    - Flutter
  - location_permissions (2.0.2):
    - Flutter

DEPENDENCIES:
  - Flutter (from `.symlinks/flutter/ios`)
  - geolocator (from `.symlinks/plugins/geolocator/ios`)
  - google_api_availability (from `.symlinks/plugins/google_api_availability/ios`)
  - location_permissions (from `.symlinks/plugins/location_permissions/ios`)

EXTERNAL SOURCES:
  Flutter:
    :path: ".symlinks/flutter/ios"
  geolocator:
    :path: ".symlinks/plugins/geolocator/ios"
  google_api_availability:
    :path: ".symlinks/plugins/google_api_availability/ios"
  location_permissions:
    :path: ".symlinks/plugins/location_permissions/ios"

SPEC CHECKSUMS:
  Flutter: 9d0fac939486c9aba2809b7982dfdbb47a7b0296
  geolocator: ac98a5fcdddd7fcbae404b136ab9c33bf08739c7
  google_api_availability: cd29400b9c6eb73b0978f609f0ad66f41dfa90b4
  location_permissions: 974d8fbc3ec5fed16908492a5e03bcb3372fcfd9

PODFILE CHECKSUM: ebd43b443038e611b86ede96e613bd6033c49497

COCOAPODS: 1.6.0.beta.1
